
Microsoft Visual Studio Solution File, Format Version 12.00
# Visual Studio Version 17
VisualStudioVersion = 17.6.33829.357
MinimumVisualStudioVersion = 10.0.40219.1
Project("{9A19103F-16F7-4668-BE54-9A1E7A4F7556}") = "Teste01", "Teste01\Teste01.csproj", "{E7A17DEC-0625-437F-82E0-1B3BCEC69E1E}"
EndProject
Project("{FAE04EC0-301F-11D3-BF4B-00C04F79EFBC}") = "Teste02", "Teste02\Teste02.csproj", "{873C2D4B-BA55-4985-AF87-531332E4BDA3}"
EndProject
Global
	GlobalSection(SolutionConfigurationPlatforms) = preSolution
		Debug|Any CPU = Debug|Any CPU
		Release|Any CPU = Release|Any CPU
	EndGlobalSection
	GlobalSection(ProjectConfigurationPlatforms) = postSolution
		{E7A17DEC-0625-437F-82E0-1B3BCEC69E1E}.Debug|Any CPU.ActiveCfg = Debug|Any CPU
		{E7A17DEC-0625-437F-82E0-1B3BCEC69E1E}.Debug|Any CPU.Build.0 = Debug|Any CPU
		{E7A17DEC-0625-437F-82E0-1B3BCEC69E1E}.Release|Any CPU.ActiveCfg = Release|Any CPU
		{E7A17DEC-0625-437F-82E0-1B3BCEC69E1E}.Release|Any CPU.Build.0 = Release|Any CPU
		{873C2D4B-BA55-4985-AF87-531332E4BDA3}.Debug|Any CPU.ActiveCfg = Debug|Any CPU
		{873C2D4B-BA55-4985-AF87-531332E4BDA3}.Debug|Any CPU.Build.0 = Debug|Any CPU
		{873C2D4B-BA55-4985-AF87-531332E4BDA3}.Release|Any CPU.ActiveCfg = Release|Any CPU
		{873C2D4B-BA55-4985-AF87-531332E4BDA3}.Release|Any CPU.Build.0 = Release|Any CPU
	EndGlobalSection
	GlobalSection(SolutionProperties) = preSolution
		HideSolutionNode = FALSE
	EndGlobalSection
	GlobalSection(ExtensibilityGlobals) = postSolution
		SolutionGuid = {7FBD4165-0608-4CC8-83C9-5A6ACBAC0983}
	EndGlobalSection
EndGlobal
